// !$*UTF8*$!
{
	archiveVersion = 1;
	classes = {
	};
	objectVersion = 50;
	objects = {

/* Begin PBXBuildFile section */
		4931747823B7E121005FDB05 /* AppDelegate.swift in Sources */ = {isa = PBXBuildFile; fileRef = 4931747723B7E121005FDB05 /* AppDelegate.swift */; };
		4931747A23B7E121005FDB05 /* ViewController.swift in Sources */ = {isa = PBXBuildFile; fileRef = 4931747923B7E121005FDB05 /* ViewController.swift */; };
		4931747D23B7E121005FDB05 /* Main.storyboard in Resources */ = {isa = PBXBuildFile; fileRef = 4931747B23B7E121005FDB05 /* Main.storyboard */; };
		4931747F23B7E124005FDB05 /* Assets.xcassets in Resources */ = {isa = PBXBuildFile; fileRef = 4931747E23B7E124005FDB05 /* Assets.xcassets */; };
		4931748223B7E124005FDB05 /* LaunchScreen.storyboard in Resources */ = {isa = PBXBuildFile; fileRef = 4931748023B7E124005FDB05 /* LaunchScreen.storyboard */; };
		49E391A723B7E1AB005A5E54 /* Model.swift in Sources */ = {isa = PBXBuildFile; fileRef = 49E391A623B7E1AB005A5E54 /* Model.swift */; };
		49E391A923B7E1ED005A5E54 /* APICall.swift in Sources */ = {isa = PBXBuildFile; fileRef = 49E391A823B7E1ED005A5E54 /* APICall.swift */; };
		49E391B023B7EA29005A5E54 /* SongsTableViewCell.swift in Sources */ = {isa = PBXBuildFile; fileRef = 49E391AE23B7EA29005A5E54 /* SongsTableViewCell.swift */; };
		49E391B123B7EA29005A5E54 /* SongsTableViewCell.xib in Resources */ = {isa = PBXBuildFile; fileRef = 49E391AF23B7EA29005A5E54 /* SongsTableViewCell.xib */; };
/* End PBXBuildFile section */

/* Begin PBXFileReference section */
		4931747423B7E121005FDB05 /* IndiaTop10Songs.app */ = {isa = PBXFileReference; explicitFileType = wrapper.application; includeInIndex = 0; path = IndiaTop10Songs.app; sourceTree = BUILT_PRODUCTS_DIR; };
		4931747723B7E121005FDB05 /* AppDelegate.swift */ = {isa = PBXFileReference; lastKnownFileType = sourcecode.swift; path = AppDelegate.swift; sourceTree = "<group>"; };
		4931747923B7E121005FDB05 /* ViewController.swift */ = {isa = PBXFileReference; lastKnownFileType = sourcecode.swift; path = ViewController.swift; sourceTree = "<group>"; };
		4931747C23B7E121005FDB05 /* Base */ = {isa = PBXFileReference; lastKnownFileType = file.storyboard; name = Base; path = Base.lproj/Main.storyboard; sourceTree = "<group>"; };
		4931747E23B7E124005FDB05 /* Assets.xcassets */ = {isa = PBXFileReference; lastKnownFileType = folder.assetcatalog; path = Assets.xcassets; sourceTree = "<group>"; };
		4931748123B7E124005FDB05 /* Base */ = {isa = PBXFileReference; lastKnownFileType = file.storyboard; name = Base; path = Base.lproj/LaunchScreen.storyboard; sourceTree = "<group>"; };
		4931748323B7E124005FDB05 /* Info.plist */ = {isa = PBXFileReference; lastKnownFileType = text.plist.xml; path = Info.plist; sourceTree = "<group>"; };
		49E391A623B7E1AB005A5E54 /* Model.swift */ = {isa = PBXFileReference; lastKnownFileType = sourcecode.swift; path = Model.swift; sourceTree = "<group>"; };
		49E391A823B7E1ED005A5E54 /* APICall.swift */ = {isa = PBXFileReference; lastKnownFileType = sourcecode.swift; path = APICall.swift; sourceTree = "<group>"; };
		49E391AE23B7EA29005A5E54 /* SongsTableViewCell.swift */ = {isa = PBXFileReference; lastKnownFileType = sourcecode.swift; path = SongsTableViewCell.swift; sourceTree = "<group>"; };
		49E391AF23B7EA29005A5E54 /* SongsTableViewCell.xib */ = {isa = PBXFileReference; lastKnownFileType = file.xib; path = SongsTableViewCell.xib; sourceTree = "<group>"; };
/* End PBXFileReference section */

/* Begin PBXFrameworksBuildPhase section */
		4931747123B7E121005FDB05 /* Frameworks */ = {
			isa = PBXFrameworksBuildPhase;
			buildActionMask = 2147483647;
			files = (
			);
			runOnlyForDeploymentPostprocessing = 0;
		};
/* End PBXFrameworksBuildPhase section */

/* Begin PBXGroup section */
		4931746B23B7E121005FDB05 = {
			isa = PBXGroup;
			children = (
				4931747623B7E121005FDB05 /* IndiaTop10Songs */,
				4931747523B7E121005FDB05 /* Products */,
			);
			sourceTree = "<group>";
		};
		4931747523B7E121005FDB05 /* Products */ = {
			isa = PBXGroup;
			children = (
				4931747423B7E121005FDB05 /* IndiaTop10Songs.app */,
			);
			name = Products;
			sourceTree = "<group>";
		};
		4931747623B7E121005FDB05 /* IndiaTop10Songs */ = {
			isa = PBXGroup;
			children = (
				49E391AD23B7E984005A5E54 /* View */,
				49E391AC23B7E97A005A5E54 /* Controller */,
				49E391AB23B7E968005A5E54 /* ViewModel */,
				49E391AA23B7E958005A5E54 /* Model */,
				4931747723B7E121005FDB05 /* AppDelegate.swift */,
				4931747E23B7E124005FDB05 /* Assets.xcassets */,
				4931748023B7E124005FDB05 /* LaunchScreen.storyboard */,
				4931748323B7E124005FDB05 /* Info.plist */,
			);
			path = IndiaTop10Songs;
			sourceTree = "<group>";
		};
		49E391AA23B7E958005A5E54 /* Model */ = {
			isa = PBXGroup;
			children = (
				49E391A623B7E1AB005A5E54 /* Model.swift */,
			);
			path = Model;
			sourceTree = "<group>";
		};
		49E391AB23B7E968005A5E54 /* ViewModel */ = {
			isa = PBXGroup;
			children = (
				49E391A823B7E1ED005A5E54 /* APICall.swift */,
			);
			path = ViewModel;
			sourceTree = "<group>";
		};
		49E391AC23B7E97A005A5E54 /* Controller */ = {
			isa = PBXGroup;
			children = (
				49E391AE23B7EA29005A5E54 /* SongsTableViewCell.swift */,
				4931747923B7E121005FDB05 /* ViewController.swift */,
			);
			path = Controller;
			sourceTree = "<group>";
		};
		49E391AD23B7E984005A5E54 /* View */ = {
			isa = PBXGroup;
			children = (
				4931747B23B7E121005FDB05 /* Main.storyboard */,
				49E391AF23B7EA29005A5E54 /* SongsTableViewCell.xib */,
			);
			path = View;
			sourceTree = "<group>";
		};
/* End PBXGroup section */

/* Begin PBXNativeTarget section */
		4931747323B7E121005FDB05 /* IndiaTop10Songs */ = {
			isa = PBXNativeTarget;
			buildConfigurationList = 4931748623B7E124005FDB05 /* Build configuration list for PBXNativeTarget "IndiaTop10Songs" */;
			buildPhases = (
				4931747023B7E121005FDB05 /* Sources */,
				4931747123B7E121005FDB05 /* Frameworks */,
				4931747223B7E121005FDB05 /* Resources */,
			);
			buildRules = (
			);
			dependencies = (
			);
			name = IndiaTop10Songs;
			productName = IndiaTop10Songs;
			productReference = 4931747423B7E121005FDB05 /* IndiaTop10Songs.app */;
			productType = "com.apple.product-type.application";
		};
/* End PBXNativeTarget section */

/* Begin PBXProject section */
		4931746C23B7E121005FDB05 /* Project object */ = {
			isa = PBXProject;
			attributes = {
				LastSwiftUpdateCheck = 1030;
				LastUpgradeCheck = 1030;
				ORGANIZATIONNAME = IMCS2;
				TargetAttributes = {
					4931747323B7E121005FDB05 = {
						CreatedOnToolsVersion = 10.3;
					};
				};
			};
			buildConfigurationList = 4931746F23B7E121005FDB05 /* Build configuration list for PBXProject "IndiaTop10Songs" */;
			compatibilityVersion = "Xcode 9.3";
			developmentRegion = en;
			hasScannedForEncodings = 0;
			knownRegions = (
				en,
				Base,
			);
			mainGroup = 4931746B23B7E121005FDB05;
			productRefGroup = 4931747523B7E121005FDB05 /* Products */;
			projectDirPath = "";
			projectRoot = "";
			targets = (
				4931747323B7E121005FDB05 /* IndiaTop10Songs */,
			);
		};
/* End PBXProject section */

/* Begin PBXResourcesBuildPhase section */
		4931747223B7E121005FDB05 /* Resources */ = {
			isa = PBXResourcesBuildPhase;
			buildActionMask = 2147483647;
			files = (
				49E391B123B7EA29005A5E54 /* SongsTableViewCell.xib in Resources */,
				4931748223B7E124005FDB05 /* LaunchScreen.storyboard in Resources */,
				4931747F23B7E124005FDB05 /* Assets.xcassets in Resources */,
				4931747D23B7E121005FDB05 /* Main.storyboard in Resources */,
			);
			runOnlyForDeploymentPostprocessing = 0;
		};
/* End PBXResourcesBuildPhase section */

/* Begin PBXSourcesBuildPhase section */
		4931747023B7E121005FDB05 /* Sources */ = {
			isa = PBXSourcesBuildPhase;
			buildActionMask = 2147483647;
			files = (
				49E391B023B7EA29005A5E54 /* SongsTableViewCell.swift in Sources */,
				49E391A723B7E1AB005A5E54 /* Model.swift in Sources */,
				4931747A23B7E121005FDB05 /* ViewController.swift in Sources */,
				49E391A923B7E1ED005A5E54 /* APICall.swift in Sources */,
				4931747823B7E121005FDB05 /* AppDelegate.swift in Sources */,
			);
			runOnlyForDeploymentPostprocessing = 0;
		};
/* End PBXSourcesBuildPhase section */

/* Begin PBXVariantGroup section */
		4931747B23B7E121005FDB05 /* Main.storyboard */ = {
			isa = PBXVariantGroup;
			children = (
				4931747C23B7E121005FDB05 /* Base */,
			);
			name = Main.storyboard;
			sourceTree = "<group>";
		};
		4931748023B7E124005FDB05 /* LaunchScreen.storyboard */ = {
			isa = PBXVariantGroup;
			children = (
				4931748123B7E124005FDB05 /* Base */,
			);
			name = LaunchScreen.storyboard;
			sourceTree = "<group>";
		};
/* End PBXVariantGroup section */

/* Begin XCBuildConfiguration section */
		4931748423B7E124005FDB05 /* Debug */ = {
			isa = XCBuildConfiguration;
			buildSettings = {
				ALWAYS_SEARCH_USER_PATHS = NO;
				CLANG_ANALYZER_NONNULL = YES;
				CLANG_ANALYZER_NUMBER_OBJECT_CONVERSION = YES_AGGRESSIVE;
				CLANG_CXX_LANGUAGE_STANDARD = "gnu++14";
				CLANG_CXX_LIBRARY = "libc++";
				CLANG_ENABLE_MODULES = YES;
				CLANG_ENABLE_OBJC_ARC = YES;
				CLANG_ENABLE_OBJC_WEAK = YES;
				CLANG_WARN_BLOCK_CAPTURE_AUTORELEASING = YES;
				CLANG_WARN_BOOL_CONVERSION = YES;
				CLANG_WARN_COMMA = YES;
				CLANG_WARN_CONSTANT_CONVERSION = YES;
				CLANG_WARN_DEPRECATED_OBJC_IMPLEMENTATIONS = YES;
				CLANG_WARN_DIRECT_OBJC_ISA_USAGE = YES_ERROR;
				CLANG_WARN_DOCUMENTATION_COMMENTS = YES;
				CLANG_WARN_EMPTY_BODY = YES;
				CLANG_WARN_ENUM_CONVERSION = YES;
				CLANG_WARN_INFINITE_RECURSION = YES;
				CLANG_WARN_INT_CONVERSION = YES;
				CLANG_WARN_NON_LITERAL_NULL_CONVERSION = YES;
				CLANG_WARN_OBJC_IMPLICIT_RETAIN_SELF = YES;
				CLANG_WARN_OBJC_LITERAL_CONVERSION = YES;
				CLANG_WARN_OBJC_ROOT_CLASS = YES_ERROR;
				CLANG_WARN_RANGE_LOOP_ANALYSIS = YES;
				CLANG_WARN_STRICT_PROTOTYPES = YES;
				CLANG_WARN_SUSPICIOUS_MOVE = YES;
				CLANG_WARN_UNGUARDED_AVAILABILITY = YES_AGGRESSIVE;
				CLANG_WARN_UNREACHABLE_CODE = YES;
				CLANG_WARN__DUPLICATE_METHOD_MATCH = YES;
				CODE_SIGN_IDENTITY = "iPhone Developer";
				COPY_PHASE_STRIP = NO;
				DEBUG_INFORMATION_FORMAT = dwarf;
				ENABLE_STRICT_OBJC_MSGSEND = YES;
				ENABLE_TESTABILITY = YES;
				GCC_C_LANGUAGE_STANDARD = gnu11;
				GCC_DYNAMIC_NO_PIC = NO;
				GCC_NO_COMMON_BLOCKS = YES;
				GCC_OPTIMIZATION_LEVEL = 0;
				GCC_PREPROCESSOR_DEFINITIONS = (
					"DEBUG=1",
					"$(inherited)",
				);
				GCC_WARN_64_TO_32_BIT_CONVERSION = YES;
				GCC_WARN_ABOUT_RETURN_TYPE = YES_ERROR;
				GCC_WARN_UNDECLARED_SELECTOR = YES;
				GCC_WARN_UNINITIALIZED_AUTOS = YES_AGGRESSIVE;
				GCC_WARN_UNUSED_FUNCTION = YES;
				GCC_WARN_UNUSED_VARIABLE = YES;
				IPHONEOS_DEPLOYMENT_TARGET = 12.4;
				MTL_ENABLE_DEBUG_INFO = INCLUDE_SOURCE;
				MTL_FAST_MATH = YES;
				ONLY_ACTIVE_ARCH = YES;
				SDKROOT = iphoneos;
				SWIFT_ACTIVE_COMPILATION_CONDITIONS = DEBUG;
				SWIFT_OPTIMIZATION_LEVEL = "-Onone";
			};
			name = Debug;
		};
		4931748523B7E124005FDB05 /* Release */ = {
			isa = XCBuildConfiguration;
			buildSettings = {
				ALWAYS_SEARCH_USER_PATHS = NO;
				CLANG_ANALYZER_NONNULL = YES;
				CLANG_ANALYZER_NUMBER_OBJECT_CONVERSION = YES_AGGRESSIVE;
				CLANG_CXX_LANGUAGE_STANDARD = "gnu++14";
				CLANG_CXX_LIBRARY = "libc++";
				CLANG_ENABLE_MODULES = YES;
				CLANG_ENABLE_OBJC_ARC = YES;
				CLANG_ENABLE_OBJC_WEAK = YES;
				CLANG_WARN_BLOCK_CAPTURE_AUTORELEASING = YES;
				CLANG_WARN_BOOL_CONVERSION = YES;
				CLANG_WARN_COMMA = YES;
				CLANG_WARN_CONSTANT_CONVERSION = YES;
				CLANG_WARN_DEPRECATED_OBJC_IMPLEMENTATIONS = YES;
				CLANG_WARN_DIRECT_OBJC_ISA_USAGE = YES_ERROR;
				CLANG_WARN_DOCUMENTATION_COMMENTS = YES;
				CLANG_WARN_EMPTY_BODY = YES;
				CLANG_WARN_ENUM_CONVERSION = YES;
				CLANG_WARN_INFINITE_RECURSION = YES;
				CLANG_WARN_INT_CONVERSION = YES;
				CLANG_WARN_NON_LITERAL_NULL_CONVERSION = YES;
				CLANG_WARN_OBJC_IMPLICIT_RETAIN_SELF = YES;
				CLANG_WARN_OBJC_LITERAL_CONVERSION = YES;
				CLANG_WARN_OBJC_ROOT_CLASS = YES_ERROR;
				CLANG_WARN_RANGE_LOOP_ANALYSIS = YES;
				CLANG_WARN_STRICT_PROTOTYPES = YES;
				CLANG_WARN_SUSPICIOUS_MOVE = YES;
				CLANG_WARN_UNGUARDED_AVAILABILITY = YES_AGGRESSIVE;
				CLANG_WARN_UNREACHABLE_CODE = YES;
				CLANG_WARN__DUPLICATE_METHOD_MATCH = YES;
				CODE_SIGN_IDENTITY = "iPhone Developer";
				COPY_PHASE_STRIP = NO;
				DEBUG_INFORMATION_FORMAT = "dwarf-with-dsym";
				ENABLE_NS_ASSERTIONS = NO;
				ENABLE_STRICT_OBJC_MSGSEND = YES;
				GCC_C_LANGUAGE_STANDARD = gnu11;
				GCC_NO_COMMON_BLOCKS = YES;
				GCC_WARN_64_TO_32_BIT_CONVERSION = YES;
				GCC_WARN_ABOUT_RETURN_TYPE = YES_ERROR;
				GCC_WARN_UNDECLARED_SELECTOR = YES;
				GCC_WARN_UNINITIALIZED_AUTOS = YES_AGGRESSIVE;
				GCC_WARN_UNUSED_FUNCTION = YES;
				GCC_WARN_UNUSED_VARIABLE = YES;
				IPHONEOS_DEPLOYMENT_TARGET = 12.4;
				MTL_ENABLE_DEBUG_INFO = NO;
				MTL_FAST_MATH = YES;
				SDKROOT = iphoneos;
				SWIFT_COMPILATION_MODE = wholemodule;
				SWIFT_OPTIMIZATION_LEVEL = "-O";
				VALIDATE_PRODUCT = YES;
			};
			name = Release;
		};
		4931748723B7E124005FDB05 /* Debug */ = {
			isa = XCBuildConfiguration;
			buildSettings = {
				ASSETCATALOG_COMPILER_APPICON_NAME = AppIcon;
				CODE_SIGN_STYLE = Automatic;
				INFOPLIST_FILE = IndiaTop10Songs/Info.plist;
				LD_RUNPATH_SEARCH_PATHS = (
					"$(inherited)",
					"@executable_path/Frameworks",
				);
				PRODUCT_BUNDLE_IDENTIFIER = imcs.IndiaTop10Songs;
				PRODUCT_NAME = "$(TARGET_NAME)";
				SWIFT_VERSION = 5.0;
				TARGETED_DEVICE_FAMILY = "1,2";
			};
			name = Debug;
		};
		4931748823B7E124005FDB05 /* Release */ = {
			isa = XCBuildConfiguration;
			buildSettings = {
				ASSETCATALOG_COMPILER_APPICON_NAME = AppIcon;
				CODE_SIGN_STYLE = Automatic;
				INFOPLIST_FILE = IndiaTop10Songs/Info.plist;
				LD_RUNPATH_SEARCH_PATHS = (
					"$(inherited)",
					"@executable_path/Frameworks",
				);
				PRODUCT_BUNDLE_IDENTIFIER = imcs.IndiaTop10Songs;
				PRODUCT_NAME = "$(TARGET_NAME)";
				SWIFT_VERSION = 5.0;
				TARGETED_DEVICE_FAMILY = "1,2";
			};
			name = Release;
		};
/* End XCBuildConfiguration section */

/* Begin XCConfigurationList section */
		4931746F23B7E121005FDB05 /* Build configuration list for PBXProject "IndiaTop10Songs" */ = {
			isa = XCConfigurationList;
			buildConfigurations = (
				4931748423B7E124005FDB05 /* Debug */,
				4931748523B7E124005FDB05 /* Release */,
			);
			defaultConfigurationIsVisible = 0;
			defaultConfigurationName = Release;
		};
		4931748623B7E124005FDB05 /* Build configuration list for PBXNativeTarget "IndiaTop10Songs" */ = {
			isa = XCConfigurationList;
			buildConfigurations = (
				4931748723B7E124005FDB05 /* Debug */,
				4931748823B7E124005FDB05 /* Release */,
			);
			defaultConfigurationIsVisible = 0;
			defaultConfigurationName = Release;
		};
/* End XCConfigurationList section */
	};
	rootObject = 4931746C23B7E121005FDB05 /* Project object */;
}
